// !$*UTF8*$!
{
	archiveVersion = 1;
	classes = {
	};
	objectVersion = 51;
	objects = {

/* Begin PBXBuildFile section */
		0B2486A9251A48DE0030BBA8 /* QuestionTwoViewController.swift in Sources */ = {isa = PBXBuildFile; fileRef = 0B2486A8251A48DE0030BBA8 /* QuestionTwoViewController.swift */; };
		0BAF9006251FC3A200CD4FAD /* QuestionViewControllerTests.swift in Sources */ = {isa = PBXBuildFile; fileRef = 0BAF9005251FC3A200CD4FAD /* QuestionViewControllerTests.swift */; };
		0BC7206425191A5B00F9D82C /* QuestionTwo.storyboard in Resources */ = {isa = PBXBuildFile; fileRef = 0BC7206325191A5B00F9D82C /* QuestionTwo.storyboard */; };
		0BD219DA2510F7DD00F95B93 /* Notification.swift in Sources */ = {isa = PBXBuildFile; fileRef = 0BD219D92510F7DD00F95B93 /* Notification.swift */; };
		201516D9876A6328E4E39FFF /* Pods_EscoteiroEspacial_EscoteiroEspacialUITests.framework in Frameworks */ = {isa = PBXBuildFile; fileRef = 2A44BCFE4F1436AE08D5A991 /* Pods_EscoteiroEspacial_EscoteiroEspacialUITests.framework */; };
		270DC2132513A41100E8781F /* PlanetNode.swift in Sources */ = {isa = PBXBuildFile; fileRef = 270DC2122513A41000E8781F /* PlanetNode.swift */; };
		273DAD5C25124C8600CCC9C3 /* PatrickHandSC-Regular.ttf in Resources */ = {isa = PBXBuildFile; fileRef = 273DAD5B25124C8600CCC9C3 /* PatrickHandSC-Regular.ttf */; };
		275AA824251E2B970004CDED /* InfoControllerTests.swift in Sources */ = {isa = PBXBuildFile; fileRef = 275AA823251E2B970004CDED /* InfoControllerTests.swift */; };
		279E1C2A2518E8D80048C7F5 /* Astro.swift in Sources */ = {isa = PBXBuildFile; fileRef = 279E1C292518E8D80048C7F5 /* Astro.swift */; };
		279E1C2F2518ECB00048C7F5 /* HomeSpaceControllerTests.swift in Sources */ = {isa = PBXBuildFile; fileRef = 279E1C2E2518ECB00048C7F5 /* HomeSpaceControllerTests.swift */; };
		27ED6904250A563700E5A67E /* InfoScreenView.storyboard in Resources */ = {isa = PBXBuildFile; fileRef = 27ED6903250A563700E5A67E /* InfoScreenView.storyboard */; };
		27ED6906250A59AB00E5A67E /* InfoScreenController.swift in Sources */ = {isa = PBXBuildFile; fileRef = 27ED6905250A59AB00E5A67E /* InfoScreenController.swift */; };
		27F5BC6B25011E8800AD5531 /* AppDelegate.swift in Sources */ = {isa = PBXBuildFile; fileRef = 27F5BC6A25011E8800AD5531 /* AppDelegate.swift */; };
		27F5BC6D25011E8800AD5531 /* SceneDelegate.swift in Sources */ = {isa = PBXBuildFile; fileRef = 27F5BC6C25011E8800AD5531 /* SceneDelegate.swift */; };
		27F5BC6F25011E8800AD5531 /* HomeSpaceController.swift in Sources */ = {isa = PBXBuildFile; fileRef = 27F5BC6E25011E8800AD5531 /* HomeSpaceController.swift */; };
		27F5BC7225011E8800AD5531 /* HomeSpace.storyboard in Resources */ = {isa = PBXBuildFile; fileRef = 27F5BC7025011E8800AD5531 /* HomeSpace.storyboard */; };
		27F5BC7425011E8A00AD5531 /* Assets.xcassets in Resources */ = {isa = PBXBuildFile; fileRef = 27F5BC7325011E8A00AD5531 /* Assets.xcassets */; };
		27F5BC7725011E8A00AD5531 /* LaunchScreen.storyboard in Resources */ = {isa = PBXBuildFile; fileRef = 27F5BC7525011E8A00AD5531 /* LaunchScreen.storyboard */; };
		27F5BC8225011E8A00AD5531 /* EscoteiroEspacialTests.swift in Sources */ = {isa = PBXBuildFile; fileRef = 27F5BC8125011E8A00AD5531 /* EscoteiroEspacialTests.swift */; };
		27F5BC8D25011E8A00AD5531 /* EscoteiroEspacialUITests.swift in Sources */ = {isa = PBXBuildFile; fileRef = 27F5BC8C25011E8A00AD5531 /* EscoteiroEspacialUITests.swift */; };
		27F5BCA1250121BA00AD5531 /* .swiftlint.yml in Resources */ = {isa = PBXBuildFile; fileRef = 27F5BCA0250121BA00AD5531 /* .swiftlint.yml */; };
		29EB0E966280D42CFA86B38E /* Pods_EscoteiroEspacialTests.framework in Frameworks */ = {isa = PBXBuildFile; fileRef = C8C59C0C4D8F38C187CF88F8 /* Pods_EscoteiroEspacialTests.framework */; };
		486551FD765AA21B4829314B /* Pods_EscoteiroEspacial.framework in Frameworks */ = {isa = PBXBuildFile; fileRef = 514EB3E6AFAB179407F5C53B /* Pods_EscoteiroEspacial.framework */; };
		7B1F9085251D89A300FF1B44 /* CometNode.swift in Sources */ = {isa = PBXBuildFile; fileRef = 7B1F9084251D89A300FF1B44 /* CometNode.swift */; };
		7B1F908A251D8B4700FF1B44 /* StarNode.swift in Sources */ = {isa = PBXBuildFile; fileRef = 7B1F9089251D8B4700FF1B44 /* StarNode.swift */; };
		7B38B7E0251ABE060041900A /* ApiManager.swift in Sources */ = {isa = PBXBuildFile; fileRef = 7B38B7DF251ABE060041900A /* ApiManager.swift */; };
		7B38B7E5251ABE130041900A /* ApiError.swift in Sources */ = {isa = PBXBuildFile; fileRef = 7B38B7E4251ABE130041900A /* ApiError.swift */; };
		7B38B7F0251AC8100041900A /* RepositoryQuestions.swift in Sources */ = {isa = PBXBuildFile; fileRef = 7B38B7EF251AC8100041900A /* RepositoryQuestions.swift */; };
		7B73F17D2523513F005DBD28 /* speak.json in Resources */ = {isa = PBXBuildFile; fileRef = 7B73F17C2523513F005DBD28 /* speak.json */; };
		7B93A3FB252372F2002C006B /* Progress.swift in Sources */ = {isa = PBXBuildFile; fileRef = 7B93A3FA252372F2002C006B /* Progress.swift */; };
		7B93A4132523840F002C006B /* SoundPlayer.swift in Sources */ = {isa = PBXBuildFile; fileRef = 7B93A4122523840F002C006B /* SoundPlayer.swift */; };
		7BA5D9092522D4120003C239 /* moon.wav in Resources */ = {isa = PBXBuildFile; fileRef = 7BA5D8FF2522D4110003C239 /* moon.wav */; };
		7BA5D90A2522D4120003C239 /* mercury.wav in Resources */ = {isa = PBXBuildFile; fileRef = 7BA5D9002522D4110003C239 /* mercury.wav */; };
		7BA5D90B2522D4120003C239 /* earth.wav in Resources */ = {isa = PBXBuildFile; fileRef = 7BA5D9012522D4110003C239 /* earth.wav */; };
		7BA5D90C2522D4120003C239 /* venus.wav in Resources */ = {isa = PBXBuildFile; fileRef = 7BA5D9022522D4110003C239 /* venus.wav */; };
		7BA5D90D2522D4120003C239 /* neptun.wav in Resources */ = {isa = PBXBuildFile; fileRef = 7BA5D9032522D4110003C239 /* neptun.wav */; };
		7BA5D90E2522D4120003C239 /* jupiter.wav in Resources */ = {isa = PBXBuildFile; fileRef = 7BA5D9042522D4120003C239 /* jupiter.wav */; };
		7BA5D90F2522D4120003C239 /* saturn.wav in Resources */ = {isa = PBXBuildFile; fileRef = 7BA5D9052522D4120003C239 /* saturn.wav */; };
		7BA5D9102522D4120003C239 /* uran.wav in Resources */ = {isa = PBXBuildFile; fileRef = 7BA5D9062522D4120003C239 /* uran.wav */; };
		7BA5D9112522D4120003C239 /* sun.wav in Resources */ = {isa = PBXBuildFile; fileRef = 7BA5D9072522D4120003C239 /* sun.wav */; };
		7BA5D9122522D4120003C239 /* mars.wav in Resources */ = {isa = PBXBuildFile; fileRef = 7BA5D9082522D4120003C239 /* mars.wav */; };
		A42CC34F2518D9B40007EC95 /* WarningsViewController.swift in Sources */ = {isa = PBXBuildFile; fileRef = A42CC34E2518D9B40007EC95 /* WarningsViewController.swift */; };
		A42CC3512518DBAD0007EC95 /* Welcome.storyboard in Resources */ = {isa = PBXBuildFile; fileRef = A42CC3502518DBAD0007EC95 /* Welcome.storyboard */; };
		A42CC3532518DFB20007EC95 /* WelcomeViewController.swift in Sources */ = {isa = PBXBuildFile; fileRef = A42CC3522518DFB20007EC95 /* WelcomeViewController.swift */; };
		A4BB8C84250FA1C300A2CAB1 /* Questions.storyboard in Resources */ = {isa = PBXBuildFile; fileRef = A4BB8C83250FA1C300A2CAB1 /* Questions.storyboard */; };
		A4BB8C8E2510E7C200A2CAB1 /* Planets .swift in Sources */ = {isa = PBXBuildFile; fileRef = A4BB8C8D2510E7C100A2CAB1 /* Planets .swift */; };
		A4BB8C902510EC6400A2CAB1 /* Question.swift in Sources */ = {isa = PBXBuildFile; fileRef = A4BB8C8F2510EC6400A2CAB1 /* Question.swift */; };
		A4BB8C9225139AD000A2CAB1 /* QuestionViewController.swift in Sources */ = {isa = PBXBuildFile; fileRef = A4BB8C9125139AD000A2CAB1 /* QuestionViewController.swift */; };
		A4BB8C942514DCD200A2CAB1 /* Warnings.storyboard in Resources */ = {isa = PBXBuildFile; fileRef = A4BB8C932514DCD200A2CAB1 /* Warnings.storyboard */; };
/* End PBXBuildFile section */

/* Begin PBXContainerItemProxy section */
		27F5BC7E25011E8A00AD5531 /* PBXContainerItemProxy */ = {
			isa = PBXContainerItemProxy;
			containerPortal = 27F5BC5F25011E8800AD5531 /* Project object */;
			proxyType = 1;
			remoteGlobalIDString = 27F5BC6625011E8800AD5531;
			remoteInfo = EscoteiroEspacial;
		};
		27F5BC8925011E8A00AD5531 /* PBXContainerItemProxy */ = {
			isa = PBXContainerItemProxy;
			containerPortal = 27F5BC5F25011E8800AD5531 /* Project object */;
			proxyType = 1;
			remoteGlobalIDString = 27F5BC6625011E8800AD5531;
			remoteInfo = EscoteiroEspacial;
		};
/* End PBXContainerItemProxy section */

/* Begin PBXFileReference section */
		0B2486A8251A48DE0030BBA8 /* QuestionTwoViewController.swift */ = {isa = PBXFileReference; lastKnownFileType = sourcecode.swift; path = QuestionTwoViewController.swift; sourceTree = "<group>"; };
		0BAF9005251FC3A200CD4FAD /* QuestionViewControllerTests.swift */ = {isa = PBXFileReference; lastKnownFileType = sourcecode.swift; path = QuestionViewControllerTests.swift; sourceTree = "<group>"; };
		0BC7206325191A5B00F9D82C /* QuestionTwo.storyboard */ = {isa = PBXFileReference; lastKnownFileType = file.storyboard; path = QuestionTwo.storyboard; sourceTree = "<group>"; };
		0BD219D92510F7DD00F95B93 /* Notification.swift */ = {isa = PBXFileReference; lastKnownFileType = sourcecode.swift; path = Notification.swift; sourceTree = "<group>"; };
		270DC2122513A41000E8781F /* PlanetNode.swift */ = {isa = PBXFileReference; lastKnownFileType = sourcecode.swift; path = PlanetNode.swift; sourceTree = "<group>"; };
		273DAD5B25124C8600CCC9C3 /* PatrickHandSC-Regular.ttf */ = {isa = PBXFileReference; lastKnownFileType = file; path = "PatrickHandSC-Regular.ttf"; sourceTree = "<group>"; };
		275AA823251E2B970004CDED /* InfoControllerTests.swift */ = {isa = PBXFileReference; lastKnownFileType = sourcecode.swift; path = InfoControllerTests.swift; sourceTree = "<group>"; };
		279E1C292518E8D80048C7F5 /* Astro.swift */ = {isa = PBXFileReference; lastKnownFileType = sourcecode.swift; path = Astro.swift; sourceTree = "<group>"; };
		279E1C2E2518ECB00048C7F5 /* HomeSpaceControllerTests.swift */ = {isa = PBXFileReference; lastKnownFileType = sourcecode.swift; path = HomeSpaceControllerTests.swift; sourceTree = "<group>"; };
		27ED6903250A563700E5A67E /* InfoScreenView.storyboard */ = {isa = PBXFileReference; lastKnownFileType = file.storyboard; path = InfoScreenView.storyboard; sourceTree = "<group>"; };
		27ED6905250A59AB00E5A67E /* InfoScreenController.swift */ = {isa = PBXFileReference; lastKnownFileType = sourcecode.swift; path = InfoScreenController.swift; sourceTree = "<group>"; };
		27F5BC6725011E8800AD5531 /* EscoteiroEspacial.app */ = {isa = PBXFileReference; explicitFileType = wrapper.application; includeInIndex = 0; path = EscoteiroEspacial.app; sourceTree = BUILT_PRODUCTS_DIR; };
		27F5BC6A25011E8800AD5531 /* AppDelegate.swift */ = {isa = PBXFileReference; lastKnownFileType = sourcecode.swift; path = AppDelegate.swift; sourceTree = "<group>"; };
		27F5BC6C25011E8800AD5531 /* SceneDelegate.swift */ = {isa = PBXFileReference; lastKnownFileType = sourcecode.swift; path = SceneDelegate.swift; sourceTree = "<group>"; };
		27F5BC6E25011E8800AD5531 /* HomeSpaceController.swift */ = {isa = PBXFileReference; lastKnownFileType = sourcecode.swift; path = HomeSpaceController.swift; sourceTree = "<group>"; };
		27F5BC7125011E8800AD5531 /* Base */ = {isa = PBXFileReference; lastKnownFileType = file.storyboard; name = Base; path = Base.lproj/HomeSpace.storyboard; sourceTree = "<group>"; };
		27F5BC7325011E8A00AD5531 /* Assets.xcassets */ = {isa = PBXFileReference; lastKnownFileType = folder.assetcatalog; path = Assets.xcassets; sourceTree = "<group>"; };
		27F5BC7625011E8A00AD5531 /* Base */ = {isa = PBXFileReference; lastKnownFileType = file.storyboard; name = Base; path = Base.lproj/LaunchScreen.storyboard; sourceTree = "<group>"; };
		27F5BC7825011E8A00AD5531 /* Info.plist */ = {isa = PBXFileReference; lastKnownFileType = text.plist.xml; path = Info.plist; sourceTree = "<group>"; };
		27F5BC7D25011E8A00AD5531 /* EscoteiroEspacialTests.xctest */ = {isa = PBXFileReference; explicitFileType = wrapper.cfbundle; includeInIndex = 0; path = EscoteiroEspacialTests.xctest; sourceTree = BUILT_PRODUCTS_DIR; };
		27F5BC8125011E8A00AD5531 /* EscoteiroEspacialTests.swift */ = {isa = PBXFileReference; lastKnownFileType = sourcecode.swift; path = EscoteiroEspacialTests.swift; sourceTree = "<group>"; };
		27F5BC8325011E8A00AD5531 /* Info.plist */ = {isa = PBXFileReference; lastKnownFileType = text.plist.xml; path = Info.plist; sourceTree = "<group>"; };
		27F5BC8825011E8A00AD5531 /* EscoteiroEspacialUITests.xctest */ = {isa = PBXFileReference; explicitFileType = wrapper.cfbundle; includeInIndex = 0; path = EscoteiroEspacialUITests.xctest; sourceTree = BUILT_PRODUCTS_DIR; };
		27F5BC8C25011E8A00AD5531 /* EscoteiroEspacialUITests.swift */ = {isa = PBXFileReference; lastKnownFileType = sourcecode.swift; path = EscoteiroEspacialUITests.swift; sourceTree = "<group>"; };
		27F5BC8E25011E8A00AD5531 /* Info.plist */ = {isa = PBXFileReference; lastKnownFileType = text.plist.xml; path = Info.plist; sourceTree = "<group>"; };
		27F5BCA0250121BA00AD5531 /* .swiftlint.yml */ = {isa = PBXFileReference; fileEncoding = 4; lastKnownFileType = text.yaml; path = .swiftlint.yml; sourceTree = "<group>"; };
		2A44BCFE4F1436AE08D5A991 /* Pods_EscoteiroEspacial_EscoteiroEspacialUITests.framework */ = {isa = PBXFileReference; explicitFileType = wrapper.framework; includeInIndex = 0; path = Pods_EscoteiroEspacial_EscoteiroEspacialUITests.framework; sourceTree = BUILT_PRODUCTS_DIR; };
		514EB3E6AFAB179407F5C53B /* Pods_EscoteiroEspacial.framework */ = {isa = PBXFileReference; explicitFileType = wrapper.framework; includeInIndex = 0; path = Pods_EscoteiroEspacial.framework; sourceTree = BUILT_PRODUCTS_DIR; };
		6AE2C11707B6A0CB9260AE5C /* Pods-EscoteiroEspacial-EscoteiroEspacialUITests.release.xcconfig */ = {isa = PBXFileReference; includeInIndex = 1; lastKnownFileType = text.xcconfig; name = "Pods-EscoteiroEspacial-EscoteiroEspacialUITests.release.xcconfig"; path = "Target Support Files/Pods-EscoteiroEspacial-EscoteiroEspacialUITests/Pods-EscoteiroEspacial-EscoteiroEspacialUITests.release.xcconfig"; sourceTree = "<group>"; };
		72B497A8782F26C4084F7973 /* Pods-EscoteiroEspacial-EscoteiroEspacialUITests.debug.xcconfig */ = {isa = PBXFileReference; includeInIndex = 1; lastKnownFileType = text.xcconfig; name = "Pods-EscoteiroEspacial-EscoteiroEspacialUITests.debug.xcconfig"; path = "Target Support Files/Pods-EscoteiroEspacial-EscoteiroEspacialUITests/Pods-EscoteiroEspacial-EscoteiroEspacialUITests.debug.xcconfig"; sourceTree = "<group>"; };
		7B1F9084251D89A300FF1B44 /* CometNode.swift */ = {isa = PBXFileReference; lastKnownFileType = sourcecode.swift; path = CometNode.swift; sourceTree = "<group>"; };
		7B1F9089251D8B4700FF1B44 /* StarNode.swift */ = {isa = PBXFileReference; lastKnownFileType = sourcecode.swift; path = StarNode.swift; sourceTree = "<group>"; };
		7B38B7DF251ABE060041900A /* ApiManager.swift */ = {isa = PBXFileReference; lastKnownFileType = sourcecode.swift; path = ApiManager.swift; sourceTree = "<group>"; };
		7B38B7E4251ABE130041900A /* ApiError.swift */ = {isa = PBXFileReference; lastKnownFileType = sourcecode.swift; path = ApiError.swift; sourceTree = "<group>"; };
		7B38B7EF251AC8100041900A /* RepositoryQuestions.swift */ = {isa = PBXFileReference; lastKnownFileType = sourcecode.swift; path = RepositoryQuestions.swift; sourceTree = "<group>"; };
		7B73F17C2523513F005DBD28 /* speak.json */ = {isa = PBXFileReference; fileEncoding = 4; lastKnownFileType = text.json; path = speak.json; sourceTree = "<group>"; };
		7B93A3FA252372F2002C006B /* Progress.swift */ = {isa = PBXFileReference; lastKnownFileType = sourcecode.swift; path = Progress.swift; sourceTree = "<group>"; };
		7B93A4122523840F002C006B /* SoundPlayer.swift */ = {isa = PBXFileReference; lastKnownFileType = sourcecode.swift; path = SoundPlayer.swift; sourceTree = "<group>"; };
		7BA5D8FF2522D4110003C239 /* moon.wav */ = {isa = PBXFileReference; lastKnownFileType = audio.wav; path = moon.wav; sourceTree = "<group>"; };
		7BA5D9002522D4110003C239 /* mercury.wav */ = {isa = PBXFileReference; lastKnownFileType = audio.wav; path = mercury.wav; sourceTree = "<group>"; };
		7BA5D9012522D4110003C239 /* earth.wav */ = {isa = PBXFileReference; lastKnownFileType = audio.wav; path = earth.wav; sourceTree = "<group>"; };
		7BA5D9022522D4110003C239 /* venus.wav */ = {isa = PBXFileReference; lastKnownFileType = audio.wav; path = venus.wav; sourceTree = "<group>"; };
		7BA5D9032522D4110003C239 /* neptun.wav */ = {isa = PBXFileReference; lastKnownFileType = audio.wav; path = neptun.wav; sourceTree = "<group>"; };
		7BA5D9042522D4120003C239 /* jupiter.wav */ = {isa = PBXFileReference; lastKnownFileType = audio.wav; path = jupiter.wav; sourceTree = "<group>"; };
		7BA5D9052522D4120003C239 /* saturn.wav */ = {isa = PBXFileReference; lastKnownFileType = audio.wav; path = saturn.wav; sourceTree = "<group>"; };
		7BA5D9062522D4120003C239 /* uran.wav */ = {isa = PBXFileReference; lastKnownFileType = audio.wav; path = uran.wav; sourceTree = "<group>"; };
		7BA5D9072522D4120003C239 /* sun.wav */ = {isa = PBXFileReference; lastKnownFileType = audio.wav; path = sun.wav; sourceTree = "<group>"; };
		7BA5D9082522D4120003C239 /* mars.wav */ = {isa = PBXFileReference; lastKnownFileType = audio.wav; path = mars.wav; sourceTree = "<group>"; };
		9CDA4C304B69A0BAA46D8350 /* Pods-EscoteiroEspacialTests.release.xcconfig */ = {isa = PBXFileReference; includeInIndex = 1; lastKnownFileType = text.xcconfig; name = "Pods-EscoteiroEspacialTests.release.xcconfig"; path = "Target Support Files/Pods-EscoteiroEspacialTests/Pods-EscoteiroEspacialTests.release.xcconfig"; sourceTree = "<group>"; };
		A42CC34E2518D9B40007EC95 /* WarningsViewController.swift */ = {isa = PBXFileReference; lastKnownFileType = sourcecode.swift; path = WarningsViewController.swift; sourceTree = "<group>"; };
		A42CC3502518DBAD0007EC95 /* Welcome.storyboard */ = {isa = PBXFileReference; lastKnownFileType = file.storyboard; path = Welcome.storyboard; sourceTree = "<group>"; };
		A42CC3522518DFB20007EC95 /* WelcomeViewController.swift */ = {isa = PBXFileReference; lastKnownFileType = sourcecode.swift; path = WelcomeViewController.swift; sourceTree = "<group>"; };
		A4BB8C83250FA1C300A2CAB1 /* Questions.storyboard */ = {isa = PBXFileReference; lastKnownFileType = file.storyboard; path = Questions.storyboard; sourceTree = "<group>"; };
		A4BB8C8D2510E7C100A2CAB1 /* Planets .swift */ = {isa = PBXFileReference; lastKnownFileType = sourcecode.swift; name = "Planets .swift"; path = "EscoteiroEspacial/View/Planets .swift"; sourceTree = SOURCE_ROOT; };
		A4BB8C8F2510EC6400A2CAB1 /* Question.swift */ = {isa = PBXFileReference; lastKnownFileType = sourcecode.swift; name = Question.swift; path = EscoteiroEspacial/View/Question.swift; sourceTree = SOURCE_ROOT; };
		A4BB8C9125139AD000A2CAB1 /* QuestionViewController.swift */ = {isa = PBXFileReference; lastKnownFileType = sourcecode.swift; path = QuestionViewController.swift; sourceTree = "<group>"; };
		A4BB8C932514DCD200A2CAB1 /* Warnings.storyboard */ = {isa = PBXFileReference; lastKnownFileType = file.storyboard; path = Warnings.storyboard; sourceTree = "<group>"; };
		C0AF23FE378753063018AAFC /* Pods-EscoteiroEspacial.release.xcconfig */ = {isa = PBXFileReference; includeInIndex = 1; lastKnownFileType = text.xcconfig; name = "Pods-EscoteiroEspacial.release.xcconfig"; path = "Target Support Files/Pods-EscoteiroEspacial/Pods-EscoteiroEspacial.release.xcconfig"; sourceTree = "<group>"; };
		C8C59C0C4D8F38C187CF88F8 /* Pods_EscoteiroEspacialTests.framework */ = {isa = PBXFileReference; explicitFileType = wrapper.framework; includeInIndex = 0; path = Pods_EscoteiroEspacialTests.framework; sourceTree = BUILT_PRODUCTS_DIR; };
		E13967F254EEBEAE5F59A1D2 /* Pods-EscoteiroEspacial.debug.xcconfig */ = {isa = PBXFileReference; includeInIndex = 1; lastKnownFileType = text.xcconfig; name = "Pods-EscoteiroEspacial.debug.xcconfig"; path = "Target Support Files/Pods-EscoteiroEspacial/Pods-EscoteiroEspacial.debug.xcconfig"; sourceTree = "<group>"; };
		F8868ADF73B601C512E5CD25 /* Pods-EscoteiroEspacialTests.debug.xcconfig */ = {isa = PBXFileReference; includeInIndex = 1; lastKnownFileType = text.xcconfig; name = "Pods-EscoteiroEspacialTests.debug.xcconfig"; path = "Target Support Files/Pods-EscoteiroEspacialTests/Pods-EscoteiroEspacialTests.debug.xcconfig"; sourceTree = "<group>"; };
/* End PBXFileReference section */

/* Begin PBXFrameworksBuildPhase section */
		27F5BC6425011E8800AD5531 /* Frameworks */ = {
			isa = PBXFrameworksBuildPhase;
			buildActionMask = 2147483647;
			files = (
				486551FD765AA21B4829314B /* Pods_EscoteiroEspacial.framework in Frameworks */,
			);
			runOnlyForDeploymentPostprocessing = 0;
		};
		27F5BC7A25011E8A00AD5531 /* Frameworks */ = {
			isa = PBXFrameworksBuildPhase;
			buildActionMask = 2147483647;
			files = (
				29EB0E966280D42CFA86B38E /* Pods_EscoteiroEspacialTests.framework in Frameworks */,
			);
			runOnlyForDeploymentPostprocessing = 0;
		};
		27F5BC8525011E8A00AD5531 /* Frameworks */ = {
			isa = PBXFrameworksBuildPhase;
			buildActionMask = 2147483647;
			files = (
				201516D9876A6328E4E39FFF /* Pods_EscoteiroEspacial_EscoteiroEspacialUITests.framework in Frameworks */,
			);
			runOnlyForDeploymentPostprocessing = 0;
		};
/* End PBXFrameworksBuildPhase section */

/* Begin PBXGroup section */
		273DAD5925123D5E00CCC9C3 /* Fonts */ = {
			isa = PBXGroup;
			children = (
				273DAD5B25124C8600CCC9C3 /* PatrickHandSC-Regular.ttf */,
			);
			path = Fonts;
			sourceTree = "<group>";
		};
		27F5BC5E25011E8800AD5531 = {
			isa = PBXGroup;
			children = (
				27F5BCA0250121BA00AD5531 /* .swiftlint.yml */,
				27F5BC6925011E8800AD5531 /* EscoteiroEspacial */,
				27F5BC8025011E8A00AD5531 /* EscoteiroEspacialTests */,
				27F5BC8B25011E8A00AD5531 /* EscoteiroEspacialUITests */,
				27F5BC6825011E8800AD5531 /* Products */,
				F0BC1DF10AFB5560E28DB62E /* Pods */,
				DC12EEF636E8F7D1E266B409 /* Frameworks */,
			);
			sourceTree = "<group>";
		};
		27F5BC6825011E8800AD5531 /* Products */ = {
			isa = PBXGroup;
			children = (
				27F5BC6725011E8800AD5531 /* EscoteiroEspacial.app */,
				27F5BC7D25011E8A00AD5531 /* EscoteiroEspacialTests.xctest */,
				27F5BC8825011E8A00AD5531 /* EscoteiroEspacialUITests.xctest */,
			);
			name = Products;
			sourceTree = "<group>";
		};
		27F5BC6925011E8800AD5531 /* EscoteiroEspacial */ = {
			isa = PBXGroup;
			children = (
				7B73F1622522D657005DBD28 /* MicroAnimation */,
				7BA5D8FE2522D3F60003C239 /* Sounds */,
				273DAD5925123D5E00CCC9C3 /* Fonts */,
				27F5BC9C25011FCB00AD5531 /* Controller */,
				27F5BC9B25011FC500AD5531 /* Model */,
				27F5BC9A25011FBA00AD5531 /* View */,
				27F5BC6A25011E8800AD5531 /* AppDelegate.swift */,
				27F5BC6C25011E8800AD5531 /* SceneDelegate.swift */,
				27F5BC7325011E8A00AD5531 /* Assets.xcassets */,
				27F5BC7525011E8A00AD5531 /* LaunchScreen.storyboard */,
				27F5BC7825011E8A00AD5531 /* Info.plist */,
			);
			path = EscoteiroEspacial;
			sourceTree = "<group>";
		};
		27F5BC8025011E8A00AD5531 /* EscoteiroEspacialTests */ = {
			isa = PBXGroup;
			children = (
				27F5BC8125011E8A00AD5531 /* EscoteiroEspacialTests.swift */,
				27F5BC8325011E8A00AD5531 /* Info.plist */,
				279E1C2E2518ECB00048C7F5 /* HomeSpaceControllerTests.swift */,
				275AA823251E2B970004CDED /* InfoControllerTests.swift */,
				0BAF9005251FC3A200CD4FAD /* QuestionViewControllerTests.swift */,
			);
			path = EscoteiroEspacialTests;
			sourceTree = "<group>";
		};
		27F5BC8B25011E8A00AD5531 /* EscoteiroEspacialUITests */ = {
			isa = PBXGroup;
			children = (
				27F5BC8C25011E8A00AD5531 /* EscoteiroEspacialUITests.swift */,
				27F5BC8E25011E8A00AD5531 /* Info.plist */,
			);
			path = EscoteiroEspacialUITests;
			sourceTree = "<group>";
		};
		27F5BC9A25011FBA00AD5531 /* View */ = {
			isa = PBXGroup;
			children = (
				27F5BC7025011E8800AD5531 /* HomeSpace.storyboard */,
				27ED6903250A563700E5A67E /* InfoScreenView.storyboard */,
				270DC2122513A41000E8781F /* PlanetNode.swift */,
				7B1F9089251D8B4700FF1B44 /* StarNode.swift */,
				7B1F9084251D89A300FF1B44 /* CometNode.swift */,
				A4BB8C83250FA1C300A2CAB1 /* Questions.storyboard */,
				A4BB8C932514DCD200A2CAB1 /* Warnings.storyboard */,
				0BC7206325191A5B00F9D82C /* QuestionTwo.storyboard */,
				A42CC3502518DBAD0007EC95 /* Welcome.storyboard */,
			);
			path = View;
			sourceTree = "<group>";
		};
		27F5BC9B25011FC500AD5531 /* Model */ = {
			isa = PBXGroup;
			children = (
				7B25A84F251A8C12000906F3 /* Api */,
				27F5BC9D25011FD200AD5531 /* Entity */,
			);
			path = Model;
			sourceTree = "<group>";
		};
		27F5BC9C25011FCB00AD5531 /* Controller */ = {
			isa = PBXGroup;
			children = (
				27F5BC6E25011E8800AD5531 /* HomeSpaceController.swift */,
				27ED6905250A59AB00E5A67E /* InfoScreenController.swift */,
				0BD219D92510F7DD00F95B93 /* Notification.swift */,
				0B2486A8251A48DE0030BBA8 /* QuestionTwoViewController.swift */,
				A4BB8C9125139AD000A2CAB1 /* QuestionViewController.swift */,
				A42CC34E2518D9B40007EC95 /* WarningsViewController.swift */,
				A42CC3522518DFB20007EC95 /* WelcomeViewController.swift */,
			);
			path = Controller;
			sourceTree = "<group>";
		};
		27F5BC9D25011FD200AD5531 /* Entity */ = {
			isa = PBXGroup;
			children = (
				A4BB8C8D2510E7C100A2CAB1 /* Planets .swift */,
				A4BB8C8F2510EC6400A2CAB1 /* Question.swift */,
				279E1C292518E8D80048C7F5 /* Astro.swift */,
				7B93A3FA252372F2002C006B /* Progress.swift */,
				7B93A4122523840F002C006B /* SoundPlayer.swift */,
			);
			path = Entity;
			sourceTree = "<group>";
		};
		7B25A84F251A8C12000906F3 /* Api */ = {
			isa = PBXGroup;
			children = (
				7B38B7DF251ABE060041900A /* ApiManager.swift */,
				7B38B7E4251ABE130041900A /* ApiError.swift */,
				7B38B7EF251AC8100041900A /* RepositoryQuestions.swift */,
			);
			path = Api;
			sourceTree = "<group>";
		};
		7B73F1622522D657005DBD28 /* MicroAnimation */ = {
			isa = PBXGroup;
			children = (
				7B73F17C2523513F005DBD28 /* speak.json */,
			);
			path = MicroAnimation;
			sourceTree = "<group>";
		};
		7BA5D8FE2522D3F60003C239 /* Sounds */ = {
			isa = PBXGroup;
			children = (
				7BA5D9042522D4120003C239 /* jupiter.wav */,
				7BA5D8FF2522D4110003C239 /* moon.wav */,
				7BA5D9082522D4120003C239 /* mars.wav */,
				7BA5D9002522D4110003C239 /* mercury.wav */,
				7BA5D9032522D4110003C239 /* neptun.wav */,
				7BA5D9052522D4120003C239 /* saturn.wav */,
				7BA5D9072522D4120003C239 /* sun.wav */,
				7BA5D9012522D4110003C239 /* earth.wav */,
				7BA5D9062522D4120003C239 /* uran.wav */,
				7BA5D9022522D4110003C239 /* venus.wav */,
			);
			path = Sounds;
			sourceTree = "<group>";
		};
		DC12EEF636E8F7D1E266B409 /* Frameworks */ = {
			isa = PBXGroup;
			children = (
				514EB3E6AFAB179407F5C53B /* Pods_EscoteiroEspacial.framework */,
				2A44BCFE4F1436AE08D5A991 /* Pods_EscoteiroEspacial_EscoteiroEspacialUITests.framework */,
				C8C59C0C4D8F38C187CF88F8 /* Pods_EscoteiroEspacialTests.framework */,
			);
			name = Frameworks;
			sourceTree = "<group>";
		};
		F0BC1DF10AFB5560E28DB62E /* Pods */ = {
			isa = PBXGroup;
			children = (
				E13967F254EEBEAE5F59A1D2 /* Pods-EscoteiroEspacial.debug.xcconfig */,
				C0AF23FE378753063018AAFC /* Pods-EscoteiroEspacial.release.xcconfig */,
				72B497A8782F26C4084F7973 /* Pods-EscoteiroEspacial-EscoteiroEspacialUITests.debug.xcconfig */,
				6AE2C11707B6A0CB9260AE5C /* Pods-EscoteiroEspacial-EscoteiroEspacialUITests.release.xcconfig */,
				F8868ADF73B601C512E5CD25 /* Pods-EscoteiroEspacialTests.debug.xcconfig */,
				9CDA4C304B69A0BAA46D8350 /* Pods-EscoteiroEspacialTests.release.xcconfig */,
			);
			path = Pods;
			sourceTree = "<group>";
		};
/* End PBXGroup section */

/* Begin PBXNativeTarget section */
		27F5BC6625011E8800AD5531 /* EscoteiroEspacial */ = {
			isa = PBXNativeTarget;
			buildConfigurationList = 27F5BC9125011E8A00AD5531 /* Build configuration list for PBXNativeTarget "EscoteiroEspacial" */;
			buildPhases = (
				769712D1F99FD3A4FC770465 /* [CP] Check Pods Manifest.lock */,
				27F5BC6325011E8800AD5531 /* Sources */,
				27F5BC6425011E8800AD5531 /* Frameworks */,
				27F5BC6525011E8800AD5531 /* Resources */,
				27F5BCA22501223100AD5531 /* ShellScript */,
				8A92DE92AC39593DB4689F01 /* [CP] Embed Pods Frameworks */,
			);
			buildRules = (
			);
			dependencies = (
			);
			name = EscoteiroEspacial;
			productName = EscoteiroEspacial;
			productReference = 27F5BC6725011E8800AD5531 /* EscoteiroEspacial.app */;
			productType = "com.apple.product-type.application";
		};
		27F5BC7C25011E8A00AD5531 /* EscoteiroEspacialTests */ = {
			isa = PBXNativeTarget;
			buildConfigurationList = 27F5BC9425011E8A00AD5531 /* Build configuration list for PBXNativeTarget "EscoteiroEspacialTests" */;
			buildPhases = (
				7DE2C80FDD9E778879248FDE /* [CP] Check Pods Manifest.lock */,
				27F5BC7925011E8A00AD5531 /* Sources */,
				27F5BC7A25011E8A00AD5531 /* Frameworks */,
				27F5BC7B25011E8A00AD5531 /* Resources */,
			);
			buildRules = (
			);
			dependencies = (
				27F5BC7F25011E8A00AD5531 /* PBXTargetDependency */,
			);
			name = EscoteiroEspacialTests;
			productName = EscoteiroEspacialTests;
			productReference = 27F5BC7D25011E8A00AD5531 /* EscoteiroEspacialTests.xctest */;
			productType = "com.apple.product-type.bundle.unit-test";
		};
		27F5BC8725011E8A00AD5531 /* EscoteiroEspacialUITests */ = {
			isa = PBXNativeTarget;
			buildConfigurationList = 27F5BC9725011E8A00AD5531 /* Build configuration list for PBXNativeTarget "EscoteiroEspacialUITests" */;
			buildPhases = (
				0D9CC29CFC0BAD2FB91CE302 /* [CP] Check Pods Manifest.lock */,
				27F5BC8425011E8A00AD5531 /* Sources */,
				27F5BC8525011E8A00AD5531 /* Frameworks */,
				27F5BC8625011E8A00AD5531 /* Resources */,
				2605682E858E7816A19FA8FD /* [CP] Embed Pods Frameworks */,
			);
			buildRules = (
			);
			dependencies = (
				27F5BC8A25011E8A00AD5531 /* PBXTargetDependency */,
			);
			name = EscoteiroEspacialUITests;
			productName = EscoteiroEspacialUITests;
			productReference = 27F5BC8825011E8A00AD5531 /* EscoteiroEspacialUITests.xctest */;
			productType = "com.apple.product-type.bundle.ui-testing";
		};
/* End PBXNativeTarget section */

/* Begin PBXProject section */
		27F5BC5F25011E8800AD5531 /* Project object */ = {
			isa = PBXProject;
			attributes = {
				LastSwiftUpdateCheck = 1160;
				LastUpgradeCheck = 1200;
				ORGANIZATIONNAME = "Mateus Nobre";
				TargetAttributes = {
					27F5BC6625011E8800AD5531 = {
						CreatedOnToolsVersion = 11.6;
					};
					27F5BC7C25011E8A00AD5531 = {
						CreatedOnToolsVersion = 11.6;
						TestTargetID = 27F5BC6625011E8800AD5531;
					};
					27F5BC8725011E8A00AD5531 = {
						CreatedOnToolsVersion = 11.6;
						TestTargetID = 27F5BC6625011E8800AD5531;
					};
				};
			};
			buildConfigurationList = 27F5BC6225011E8800AD5531 /* Build configuration list for PBXProject "EscoteiroEspacial" */;
			compatibilityVersion = "Xcode 9.3";
			developmentRegion = en;
			hasScannedForEncodings = 0;
			knownRegions = (
				en,
				Base,
			);
			mainGroup = 27F5BC5E25011E8800AD5531;
			productRefGroup = 27F5BC6825011E8800AD5531 /* Products */;
			projectDirPath = "";
			projectRoot = "";
			targets = (
				27F5BC6625011E8800AD5531 /* EscoteiroEspacial */,
				27F5BC7C25011E8A00AD5531 /* EscoteiroEspacialTests */,
				27F5BC8725011E8A00AD5531 /* EscoteiroEspacialUITests */,
			);
		};
/* End PBXProject section */

/* Begin PBXResourcesBuildPhase section */
		27F5BC6525011E8800AD5531 /* Resources */ = {
			isa = PBXResourcesBuildPhase;
			buildActionMask = 2147483647;
			files = (
				27ED6904250A563700E5A67E /* InfoScreenView.storyboard in Resources */,
				0BC7206425191A5B00F9D82C /* QuestionTwo.storyboard in Resources */,
				27F5BCA1250121BA00AD5531 /* .swiftlint.yml in Resources */,
				A4BB8C942514DCD200A2CAB1 /* Warnings.storyboard in Resources */,
				7BA5D90F2522D4120003C239 /* saturn.wav in Resources */,
				7BA5D90D2522D4120003C239 /* neptun.wav in Resources */,
				7BA5D9102522D4120003C239 /* uran.wav in Resources */,
				7BA5D90B2522D4120003C239 /* earth.wav in Resources */,
				A4BB8C84250FA1C300A2CAB1 /* Questions.storyboard in Resources */,
				7BA5D90A2522D4120003C239 /* mercury.wav in Resources */,
				7BA5D9122522D4120003C239 /* mars.wav in Resources */,
				7BA5D9112522D4120003C239 /* sun.wav in Resources */,
				273DAD5C25124C8600CCC9C3 /* PatrickHandSC-Regular.ttf in Resources */,
				7B73F17D2523513F005DBD28 /* speak.json in Resources */,
				A42CC3512518DBAD0007EC95 /* Welcome.storyboard in Resources */,
				27F5BC7725011E8A00AD5531 /* LaunchScreen.storyboard in Resources */,
				27F5BC7425011E8A00AD5531 /* Assets.xcassets in Resources */,
				7BA5D90E2522D4120003C239 /* jupiter.wav in Resources */,
				7BA5D90C2522D4120003C239 /* venus.wav in Resources */,
				27F5BC7225011E8800AD5531 /* HomeSpace.storyboard in Resources */,
				7BA5D9092522D4120003C239 /* moon.wav in Resources */,
			);
			runOnlyForDeploymentPostprocessing = 0;
		};
		27F5BC7B25011E8A00AD5531 /* Resources */ = {
			isa = PBXResourcesBuildPhase;
			buildActionMask = 2147483647;
			files = (
			);
			runOnlyForDeploymentPostprocessing = 0;
		};
		27F5BC8625011E8A00AD5531 /* Resources */ = {
			isa = PBXResourcesBuildPhase;
			buildActionMask = 2147483647;
			files = (
			);
			runOnlyForDeploymentPostprocessing = 0;
		};
/* End PBXResourcesBuildPhase section */

/* Begin PBXShellScriptBuildPhase section */
		0D9CC29CFC0BAD2FB91CE302 /* [CP] Check Pods Manifest.lock */ = {
			isa = PBXShellScriptBuildPhase;
			buildActionMask = 2147483647;
			files = (
			);
			inputFileListPaths = (
			);
			inputPaths = (
				"${PODS_PODFILE_DIR_PATH}/Podfile.lock",
				"${PODS_ROOT}/Manifest.lock",
			);
			name = "[CP] Check Pods Manifest.lock";
			outputFileListPaths = (
			);
			outputPaths = (
				"$(DERIVED_FILE_DIR)/Pods-EscoteiroEspacial-EscoteiroEspacialUITests-checkManifestLockResult.txt",
			);
			runOnlyForDeploymentPostprocessing = 0;
			shellPath = /bin/sh;
			shellScript = "diff \"${PODS_PODFILE_DIR_PATH}/Podfile.lock\" \"${PODS_ROOT}/Manifest.lock\" > /dev/null\nif [ $? != 0 ] ; then\n    # print error to STDERR\n    echo \"error: The sandbox is not in sync with the Podfile.lock. Run 'pod install' or update your CocoaPods installation.\" >&2\n    exit 1\nfi\n# This output is used by Xcode 'outputs' to avoid re-running this script phase.\necho \"SUCCESS\" > \"${SCRIPT_OUTPUT_FILE_0}\"\n";
			showEnvVarsInLog = 0;
		};
		2605682E858E7816A19FA8FD /* [CP] Embed Pods Frameworks */ = {
			isa = PBXShellScriptBuildPhase;
			buildActionMask = 2147483647;
			files = (
			);
			inputFileListPaths = (
				"${PODS_ROOT}/Target Support Files/Pods-EscoteiroEspacial-EscoteiroEspacialUITests/Pods-EscoteiroEspacial-EscoteiroEspacialUITests-frameworks-${CONFIGURATION}-input-files.xcfilelist",
			);
			name = "[CP] Embed Pods Frameworks";
			outputFileListPaths = (
				"${PODS_ROOT}/Target Support Files/Pods-EscoteiroEspacial-EscoteiroEspacialUITests/Pods-EscoteiroEspacial-EscoteiroEspacialUITests-frameworks-${CONFIGURATION}-output-files.xcfilelist",
			);
			runOnlyForDeploymentPostprocessing = 0;
			shellPath = /bin/sh;
			shellScript = "\"${PODS_ROOT}/Target Support Files/Pods-EscoteiroEspacial-EscoteiroEspacialUITests/Pods-EscoteiroEspacial-EscoteiroEspacialUITests-frameworks.sh\"\n";
			showEnvVarsInLog = 0;
		};
		27F5BCA22501223100AD5531 /* ShellScript */ = {
			isa = PBXShellScriptBuildPhase;
			buildActionMask = 2147483647;
			files = (
			);
			inputFileListPaths = (
			);
			inputPaths = (
			);
			outputFileListPaths = (
			);
			outputPaths = (
			);
			runOnlyForDeploymentPostprocessing = 0;
			shellPath = /bin/sh;
			shellScript = "# Type a script or drag a script file from your workspace to insert its path.\nif which swiftlint >/dev/null; then\nswiftlint\nelse\necho \"warning: Swiftlint not installed, download from https://github.com/realm/SwiftLint\"\nfi\n";
		};
		769712D1F99FD3A4FC770465 /* [CP] Check Pods Manifest.lock */ = {
			isa = PBXShellScriptBuildPhase;
			buildActionMask = 2147483647;
			files = (
			);
			inputFileListPaths = (
			);
			inputPaths = (
				"${PODS_PODFILE_DIR_PATH}/Podfile.lock",
				"${PODS_ROOT}/Manifest.lock",
			);
			name = "[CP] Check Pods Manifest.lock";
			outputFileListPaths = (
			);
			outputPaths = (
				"$(DERIVED_FILE_DIR)/Pods-EscoteiroEspacial-checkManifestLockResult.txt",
			);
			runOnlyForDeploymentPostprocessing = 0;
			shellPath = /bin/sh;
			shellScript = "diff \"${PODS_PODFILE_DIR_PATH}/Podfile.lock\" \"${PODS_ROOT}/Manifest.lock\" > /dev/null\nif [ $? != 0 ] ; then\n    # print error to STDERR\n    echo \"error: The sandbox is not in sync with the Podfile.lock. Run 'pod install' or update your CocoaPods installation.\" >&2\n    exit 1\nfi\n# This output is used by Xcode 'outputs' to avoid re-running this script phase.\necho \"SUCCESS\" > \"${SCRIPT_OUTPUT_FILE_0}\"\n";
			showEnvVarsInLog = 0;
		};
		7DE2C80FDD9E778879248FDE /* [CP] Check Pods Manifest.lock */ = {
			isa = PBXShellScriptBuildPhase;
			buildActionMask = 2147483647;
			files = (
			);
			inputFileListPaths = (
			);
			inputPaths = (
				"${PODS_PODFILE_DIR_PATH}/Podfile.lock",
				"${PODS_ROOT}/Manifest.lock",
			);
			name = "[CP] Check Pods Manifest.lock";
			outputFileListPaths = (
			);
			outputPaths = (
				"$(DERIVED_FILE_DIR)/Pods-EscoteiroEspacialTests-checkManifestLockResult.txt",
			);
			runOnlyForDeploymentPostprocessing = 0;
			shellPath = /bin/sh;
			shellScript = "diff \"${PODS_PODFILE_DIR_PATH}/Podfile.lock\" \"${PODS_ROOT}/Manifest.lock\" > /dev/null\nif [ $? != 0 ] ; then\n    # print error to STDERR\n    echo \"error: The sandbox is not in sync with the Podfile.lock. Run 'pod install' or update your CocoaPods installation.\" >&2\n    exit 1\nfi\n# This output is used by Xcode 'outputs' to avoid re-running this script phase.\necho \"SUCCESS\" > \"${SCRIPT_OUTPUT_FILE_0}\"\n";
			showEnvVarsInLog = 0;
		};
		8A92DE92AC39593DB4689F01 /* [CP] Embed Pods Frameworks */ = {
			isa = PBXShellScriptBuildPhase;
			buildActionMask = 2147483647;
			files = (
			);
			inputFileListPaths = (
				"${PODS_ROOT}/Target Support Files/Pods-EscoteiroEspacial/Pods-EscoteiroEspacial-frameworks-${CONFIGURATION}-input-files.xcfilelist",
			);
			name = "[CP] Embed Pods Frameworks";
			outputFileListPaths = (
				"${PODS_ROOT}/Target Support Files/Pods-EscoteiroEspacial/Pods-EscoteiroEspacial-frameworks-${CONFIGURATION}-output-files.xcfilelist",
			);
			runOnlyForDeploymentPostprocessing = 0;
			shellPath = /bin/sh;
			shellScript = "\"${PODS_ROOT}/Target Support Files/Pods-EscoteiroEspacial/Pods-EscoteiroEspacial-frameworks.sh\"\n";
			showEnvVarsInLog = 0;
		};
/* End PBXShellScriptBuildPhase section */

/* Begin PBXSourcesBuildPhase section */
		27F5BC6325011E8800AD5531 /* Sources */ = {
			isa = PBXSourcesBuildPhase;
			buildActionMask = 2147483647;
			files = (
				7B93A3FB252372F2002C006B /* Progress.swift in Sources */,
				A4BB8C9225139AD000A2CAB1 /* QuestionViewController.swift in Sources */,
				A4BB8C902510EC6400A2CAB1 /* Question.swift in Sources */,
				27F5BC6F25011E8800AD5531 /* HomeSpaceController.swift in Sources */,
				27ED6906250A59AB00E5A67E /* InfoScreenController.swift in Sources */,
				A42CC34F2518D9B40007EC95 /* WarningsViewController.swift in Sources */,
				7B1F908A251D8B4700FF1B44 /* StarNode.swift in Sources */,
				7B93A4132523840F002C006B /* SoundPlayer.swift in Sources */,
				0BD219DA2510F7DD00F95B93 /* Notification.swift in Sources */,
				7B38B7E0251ABE060041900A /* ApiManager.swift in Sources */,
				27F5BC6B25011E8800AD5531 /* AppDelegate.swift in Sources */,
				0B2486A9251A48DE0030BBA8 /* QuestionTwoViewController.swift in Sources */,
				7B1F9085251D89A300FF1B44 /* CometNode.swift in Sources */,
				279E1C2A2518E8D80048C7F5 /* Astro.swift in Sources */,
				A4BB8C8E2510E7C200A2CAB1 /* Planets .swift in Sources */,
				7B38B7F0251AC8100041900A /* RepositoryQuestions.swift in Sources */,
				A42CC3532518DFB20007EC95 /* WelcomeViewController.swift in Sources */,
				7B38B7E5251ABE130041900A /* ApiError.swift in Sources */,
				27F5BC6D25011E8800AD5531 /* SceneDelegate.swift in Sources */,
				270DC2132513A41100E8781F /* PlanetNode.swift in Sources */,
			);
			runOnlyForDeploymentPostprocessing = 0;
		};
		27F5BC7925011E8A00AD5531 /* Sources */ = {
			isa = PBXSourcesBuildPhase;
			buildActionMask = 2147483647;
			files = (
				27F5BC8225011E8A00AD5531 /* EscoteiroEspacialTests.swift in Sources */,
				275AA824251E2B970004CDED /* InfoControllerTests.swift in Sources */,
				0BAF9006251FC3A200CD4FAD /* QuestionViewControllerTests.swift in Sources */,
				279E1C2F2518ECB00048C7F5 /* HomeSpaceControllerTests.swift in Sources */,
			);
			runOnlyForDeploymentPostprocessing = 0;
		};
		27F5BC8425011E8A00AD5531 /* Sources */ = {
			isa = PBXSourcesBuildPhase;
			buildActionMask = 2147483647;
			files = (
				27F5BC8D25011E8A00AD5531 /* EscoteiroEspacialUITests.swift in Sources */,
			);
			runOnlyForDeploymentPostprocessing = 0;
		};
/* End PBXSourcesBuildPhase section */

/* Begin PBXTargetDependency section */
		27F5BC7F25011E8A00AD5531 /* PBXTargetDependency */ = {
			isa = PBXTargetDependency;
			target = 27F5BC6625011E8800AD5531 /* EscoteiroEspacial */;
			targetProxy = 27F5BC7E25011E8A00AD5531 /* PBXContainerItemProxy */;
		};
		27F5BC8A25011E8A00AD5531 /* PBXTargetDependency */ = {
			isa = PBXTargetDependency;
			target = 27F5BC6625011E8800AD5531 /* EscoteiroEspacial */;
			targetProxy = 27F5BC8925011E8A00AD5531 /* PBXContainerItemProxy */;
		};
/* End PBXTargetDependency section */

/* Begin PBXVariantGroup section */
		27F5BC7025011E8800AD5531 /* HomeSpace.storyboard */ = {
			isa = PBXVariantGroup;
			children = (
				27F5BC7125011E8800AD5531 /* Base */,
			);
			name = HomeSpace.storyboard;
			sourceTree = "<group>";
		};
		27F5BC7525011E8A00AD5531 /* LaunchScreen.storyboard */ = {
			isa = PBXVariantGroup;
			children = (
				27F5BC7625011E8A00AD5531 /* Base */,
			);
			name = LaunchScreen.storyboard;
			sourceTree = "<group>";
		};
/* End PBXVariantGroup section */

/* Begin XCBuildConfiguration section */
		27F5BC8F25011E8A00AD5531 /* Debug */ = {
			isa = XCBuildConfiguration;
			buildSettings = {
				ALWAYS_SEARCH_USER_PATHS = NO;
				CLANG_ANALYZER_NONNULL = YES;
				CLANG_ANALYZER_NUMBER_OBJECT_CONVERSION = YES_AGGRESSIVE;
				CLANG_CXX_LANGUAGE_STANDARD = "gnu++14";
				CLANG_CXX_LIBRARY = "libc++";
				CLANG_ENABLE_MODULES = YES;
				CLANG_ENABLE_OBJC_ARC = YES;
				CLANG_ENABLE_OBJC_WEAK = YES;
				CLANG_WARN_BLOCK_CAPTURE_AUTORELEASING = YES;
				CLANG_WARN_BOOL_CONVERSION = YES;
				CLANG_WARN_COMMA = YES;
				CLANG_WARN_CONSTANT_CONVERSION = YES;
				CLANG_WARN_DEPRECATED_OBJC_IMPLEMENTATIONS = YES;
				CLANG_WARN_DIRECT_OBJC_ISA_USAGE = YES_ERROR;
				CLANG_WARN_DOCUMENTATION_COMMENTS = YES;
				CLANG_WARN_EMPTY_BODY = YES;
				CLANG_WARN_ENUM_CONVERSION = YES;
				CLANG_WARN_INFINITE_RECURSION = YES;
				CLANG_WARN_INT_CONVERSION = YES;
				CLANG_WARN_NON_LITERAL_NULL_CONVERSION = YES;
				CLANG_WARN_OBJC_IMPLICIT_RETAIN_SELF = YES;
				CLANG_WARN_OBJC_LITERAL_CONVERSION = YES;
				CLANG_WARN_OBJC_ROOT_CLASS = YES_ERROR;
				CLANG_WARN_QUOTED_INCLUDE_IN_FRAMEWORK_HEADER = YES;
				CLANG_WARN_RANGE_LOOP_ANALYSIS = YES;
				CLANG_WARN_STRICT_PROTOTYPES = YES;
				CLANG_WARN_SUSPICIOUS_MOVE = YES;
				CLANG_WARN_UNGUARDED_AVAILABILITY = YES_AGGRESSIVE;
				CLANG_WARN_UNREACHABLE_CODE = YES;
				CLANG_WARN__DUPLICATE_METHOD_MATCH = YES;
				COPY_PHASE_STRIP = NO;
				DEBUG_INFORMATION_FORMAT = dwarf;
				ENABLE_STRICT_OBJC_MSGSEND = YES;
				ENABLE_TESTABILITY = YES;
				GCC_C_LANGUAGE_STANDARD = gnu11;
				GCC_DYNAMIC_NO_PIC = NO;
				GCC_NO_COMMON_BLOCKS = YES;
				GCC_OPTIMIZATION_LEVEL = 0;
				GCC_PREPROCESSOR_DEFINITIONS = (
					"DEBUG=1",
					"$(inherited)",
				);
				GCC_WARN_64_TO_32_BIT_CONVERSION = YES;
				GCC_WARN_ABOUT_RETURN_TYPE = YES_ERROR;
				GCC_WARN_UNDECLARED_SELECTOR = YES;
				GCC_WARN_UNINITIALIZED_AUTOS = YES_AGGRESSIVE;
				GCC_WARN_UNUSED_FUNCTION = YES;
				GCC_WARN_UNUSED_VARIABLE = YES;
				IPHONEOS_DEPLOYMENT_TARGET = 13.6;
				MTL_ENABLE_DEBUG_INFO = INCLUDE_SOURCE;
				MTL_FAST_MATH = YES;
				ONLY_ACTIVE_ARCH = YES;
				SDKROOT = iphoneos;
				SWIFT_ACTIVE_COMPILATION_CONDITIONS = DEBUG;
				SWIFT_OPTIMIZATION_LEVEL = "-Onone";
			};
			name = Debug;
		};
		27F5BC9025011E8A00AD5531 /* Release */ = {
			isa = XCBuildConfiguration;
			buildSettings = {
				ALWAYS_SEARCH_USER_PATHS = NO;
				CLANG_ANALYZER_NONNULL = YES;
				CLANG_ANALYZER_NUMBER_OBJECT_CONVERSION = YES_AGGRESSIVE;
				CLANG_CXX_LANGUAGE_STANDARD = "gnu++14";
				CLANG_CXX_LIBRARY = "libc++";
				CLANG_ENABLE_MODULES = YES;
				CLANG_ENABLE_OBJC_ARC = YES;
				CLANG_ENABLE_OBJC_WEAK = YES;
				CLANG_WARN_BLOCK_CAPTURE_AUTORELEASING = YES;
				CLANG_WARN_BOOL_CONVERSION = YES;
				CLANG_WARN_COMMA = YES;
				CLANG_WARN_CONSTANT_CONVERSION = YES;
				CLANG_WARN_DEPRECATED_OBJC_IMPLEMENTATIONS = YES;
				CLANG_WARN_DIRECT_OBJC_ISA_USAGE = YES_ERROR;
				CLANG_WARN_DOCUMENTATION_COMMENTS = YES;
				CLANG_WARN_EMPTY_BODY = YES;
				CLANG_WARN_ENUM_CONVERSION = YES;
				CLANG_WARN_INFINITE_RECURSION = YES;
				CLANG_WARN_INT_CONVERSION = YES;
				CLANG_WARN_NON_LITERAL_NULL_CONVERSION = YES;
				CLANG_WARN_OBJC_IMPLICIT_RETAIN_SELF = YES;
				CLANG_WARN_OBJC_LITERAL_CONVERSION = YES;
				CLANG_WARN_OBJC_ROOT_CLASS = YES_ERROR;
				CLANG_WARN_QUOTED_INCLUDE_IN_FRAMEWORK_HEADER = YES;
				CLANG_WARN_RANGE_LOOP_ANALYSIS = YES;
				CLANG_WARN_STRICT_PROTOTYPES = YES;
				CLANG_WARN_SUSPICIOUS_MOVE = YES;
				CLANG_WARN_UNGUARDED_AVAILABILITY = YES_AGGRESSIVE;
				CLANG_WARN_UNREACHABLE_CODE = YES;
				CLANG_WARN__DUPLICATE_METHOD_MATCH = YES;
				COPY_PHASE_STRIP = NO;
				DEBUG_INFORMATION_FORMAT = "dwarf-with-dsym";
				ENABLE_NS_ASSERTIONS = NO;
				ENABLE_STRICT_OBJC_MSGSEND = YES;
				GCC_C_LANGUAGE_STANDARD = gnu11;
				GCC_NO_COMMON_BLOCKS = YES;
				GCC_WARN_64_TO_32_BIT_CONVERSION = YES;
				GCC_WARN_ABOUT_RETURN_TYPE = YES_ERROR;
				GCC_WARN_UNDECLARED_SELECTOR = YES;
				GCC_WARN_UNINITIALIZED_AUTOS = YES_AGGRESSIVE;
				GCC_WARN_UNUSED_FUNCTION = YES;
				GCC_WARN_UNUSED_VARIABLE = YES;
				IPHONEOS_DEPLOYMENT_TARGET = 13.6;
				MTL_ENABLE_DEBUG_INFO = NO;
				MTL_FAST_MATH = YES;
				SDKROOT = iphoneos;
				SWIFT_COMPILATION_MODE = wholemodule;
				SWIFT_OPTIMIZATION_LEVEL = "-O";
				VALIDATE_PRODUCT = YES;
			};
			name = Release;
		};
		27F5BC9225011E8A00AD5531 /* Debug */ = {
			isa = XCBuildConfiguration;
			baseConfigurationReference = E13967F254EEBEAE5F59A1D2 /* Pods-EscoteiroEspacial.debug.xcconfig */;
			buildSettings = {
				ASSETCATALOG_COMPILER_APPICON_NAME = AppIcon;
				CODE_SIGN_STYLE = Automatic;
				DEVELOPMENT_TEAM = R39G5DLZJ3;
				INFOPLIST_FILE = EscoteiroEspacial/Info.plist;
				LD_RUNPATH_SEARCH_PATHS = (
					"$(inherited)",
					"@executable_path/Frameworks",
				);
				PRODUCT_BUNDLE_IDENTIFIER = com.Academy.EscoteiroEspacial.EscoteiroEspacial;
				PRODUCT_NAME = "$(TARGET_NAME)";
				SWIFT_VERSION = 5.0;
				TARGETED_DEVICE_FAMILY = 1;
			};
			name = Debug;
		};
		27F5BC9325011E8A00AD5531 /* Release */ = {
			isa = XCBuildConfiguration;
			baseConfigurationReference = C0AF23FE378753063018AAFC /* Pods-EscoteiroEspacial.release.xcconfig */;
			buildSettings = {
				ASSETCATALOG_COMPILER_APPICON_NAME = AppIcon;
				CODE_SIGN_STYLE = Automatic;
				DEVELOPMENT_TEAM = R39G5DLZJ3;
				INFOPLIST_FILE = EscoteiroEspacial/Info.plist;
				LD_RUNPATH_SEARCH_PATHS = (
					"$(inherited)",
					"@executable_path/Frameworks",
				);
				PRODUCT_BUNDLE_IDENTIFIER = com.Academy.EscoteiroEspacial.EscoteiroEspacial;
				PRODUCT_NAME = "$(TARGET_NAME)";
				SWIFT_VERSION = 5.0;
				TARGETED_DEVICE_FAMILY = 1;
			};
			name = Release;
		};
		27F5BC9525011E8A00AD5531 /* Debug */ = {
			isa = XCBuildConfiguration;
			baseConfigurationReference = F8868ADF73B601C512E5CD25 /* Pods-EscoteiroEspacialTests.debug.xcconfig */;
			buildSettings = {
				ALWAYS_EMBED_SWIFT_STANDARD_LIBRARIES = YES;
				BUNDLE_LOADER = "$(TEST_HOST)";
				CODE_SIGN_STYLE = Automatic;
				DEVELOPMENT_TEAM = JCC32S9S9V;
				INFOPLIST_FILE = EscoteiroEspacialTests/Info.plist;
				IPHONEOS_DEPLOYMENT_TARGET = 13.6;
				LD_RUNPATH_SEARCH_PATHS = (
					"$(inherited)",
					"@executable_path/Frameworks",
					"@loader_path/Frameworks",
				);
				PRODUCT_BUNDLE_IDENTIFIER = com.Academy.EscoteiroEspacial.EscoteiroEspacialTests;
				PRODUCT_NAME = "$(TARGET_NAME)";
				SWIFT_VERSION = 5.0;
				TARGETED_DEVICE_FAMILY = "1,2";
				TEST_HOST = "$(BUILT_PRODUCTS_DIR)/EscoteiroEspacial.app/EscoteiroEspacial";
			};
			name = Debug;
		};
		27F5BC9625011E8A00AD5531 /* Release */ = {
			isa = XCBuildConfiguration;
			baseConfigurationReference = 9CDA4C304B69A0BAA46D8350 /* Pods-EscoteiroEspacialTests.release.xcconfig */;
			buildSettings = {
				ALWAYS_EMBED_SWIFT_STANDARD_LIBRARIES = YES;
				BUNDLE_LOADER = "$(TEST_HOST)";
				CODE_SIGN_STYLE = Automatic;
				DEVELOPMENT_TEAM = JCC32S9S9V;
				INFOPLIST_FILE = EscoteiroEspacialTests/Info.plist;
				IPHONEOS_DEPLOYMENT_TARGET = 13.6;
				LD_RUNPATH_SEARCH_PATHS = (
					"$(inherited)",
					"@executable_path/Frameworks",
					"@loader_path/Frameworks",
				);
				PRODUCT_BUNDLE_IDENTIFIER = com.Academy.EscoteiroEspacial.EscoteiroEspacialTests;
				PRODUCT_NAME = "$(TARGET_NAME)";
				SWIFT_VERSION = 5.0;
				TARGETED_DEVICE_FAMILY = "1,2";
				TEST_HOST = "$(BUILT_PRODUCTS_DIR)/EscoteiroEspacial.app/EscoteiroEspacial";
			};
			name = Release;
		};
		27F5BC9825011E8A00AD5531 /* Debug */ = {
			isa = XCBuildConfiguration;
			baseConfigurationReference = 72B497A8782F26C4084F7973 /* Pods-EscoteiroEspacial-EscoteiroEspacialUITests.debug.xcconfig */;
			buildSettings = {
				ALWAYS_EMBED_SWIFT_STANDARD_LIBRARIES = YES;
				CODE_SIGN_STYLE = Automatic;
				DEVELOPMENT_TEAM = R39G5DLZJ3;
				INFOPLIST_FILE = EscoteiroEspacialUITests/Info.plist;
				LD_RUNPATH_SEARCH_PATHS = (
					"$(inherited)",
					"@executable_path/Frameworks",
					"@loader_path/Frameworks",
				);
				PRODUCT_BUNDLE_IDENTIFIER = com.Academy.EscoteiroEspacial.EscoteiroEspacialUITests;
				PRODUCT_NAME = "$(TARGET_NAME)";
				SWIFT_VERSION = 5.0;
				TARGETED_DEVICE_FAMILY = "1,2";
				TEST_TARGET_NAME = EscoteiroEspacial;
			};
			name = Debug;
		};
		27F5BC9925011E8A00AD5531 /* Release */ = {
			isa = XCBuildConfiguration;
			baseConfigurationReference = 6AE2C11707B6A0CB9260AE5C /* Pods-EscoteiroEspacial-EscoteiroEspacialUITests.release.xcconfig */;
			buildSettings = {
				ALWAYS_EMBED_SWIFT_STANDARD_LIBRARIES = YES;
				CODE_SIGN_STYLE = Automatic;
				DEVELOPMENT_TEAM = R39G5DLZJ3;
				INFOPLIST_FILE = EscoteiroEspacialUITests/Info.plist;
				LD_RUNPATH_SEARCH_PATHS = (
					"$(inherited)",
					"@executable_path/Frameworks",
					"@loader_path/Frameworks",
				);
				PRODUCT_BUNDLE_IDENTIFIER = com.Academy.EscoteiroEspacial.EscoteiroEspacialUITests;
				PRODUCT_NAME = "$(TARGET_NAME)";
				SWIFT_VERSION = 5.0;
				TARGETED_DEVICE_FAMILY = "1,2";
				TEST_TARGET_NAME = EscoteiroEspacial;
			};
			name = Release;
		};
/* End XCBuildConfiguration section */

/* Begin XCConfigurationList section */
		27F5BC6225011E8800AD5531 /* Build configuration list for PBXProject "EscoteiroEspacial" */ = {
			isa = XCConfigurationList;
			buildConfigurations = (
				27F5BC8F25011E8A00AD5531 /* Debug */,
				27F5BC9025011E8A00AD5531 /* Release */,
			);
			defaultConfigurationIsVisible = 0;
			defaultConfigurationName = Release;
		};
		27F5BC9125011E8A00AD5531 /* Build configuration list for PBXNativeTarget "EscoteiroEspacial" */ = {
			isa = XCConfigurationList;
			buildConfigurations = (
				27F5BC9225011E8A00AD5531 /* Debug */,
				27F5BC9325011E8A00AD5531 /* Release */,
			);
			defaultConfigurationIsVisible = 0;
			defaultConfigurationName = Release;
		};
		27F5BC9425011E8A00AD5531 /* Build configuration list for PBXNativeTarget "EscoteiroEspacialTests" */ = {
			isa = XCConfigurationList;
			buildConfigurations = (
				27F5BC9525011E8A00AD5531 /* Debug */,
				27F5BC9625011E8A00AD5531 /* Release */,
			);
			defaultConfigurationIsVisible = 0;
			defaultConfigurationName = Release;
		};
		27F5BC9725011E8A00AD5531 /* Build configuration list for PBXNativeTarget "EscoteiroEspacialUITests" */ = {
			isa = XCConfigurationList;
			buildConfigurations = (
				27F5BC9825011E8A00AD5531 /* Debug */,
				27F5BC9925011E8A00AD5531 /* Release */,
			);
			defaultConfigurationIsVisible = 0;
			defaultConfigurationName = Release;
		};
/* End XCConfigurationList section */
	};
	rootObject = 27F5BC5F25011E8800AD5531 /* Project object */;
}
